
Microsoft Visual Studio Solution File, Format Version 12.00
# Visual Studio 15
VisualStudioVersion = 15.0.27004.2005
MinimumVisualStudioVersion = 10.0.40219.1
Project("{FAE04EC0-301F-11D3-BF4B-00C04F79EFBC}") = "App.Algorithms.04.01.MaxSubarray", "App.Algorithms.04.01.MaxSubarray\App.Algorithms.04.01.MaxSubarray.csproj", "{9FB8F23A-FDCB-45AC-8950-69CAA2F2BEA4}"
EndProject
Project("{FAE04EC0-301F-11D3-BF4B-00C04F79EFBC}") = "App.Problems.Fibonacci", "App.Problems.Fibonacci\App.Problems.Fibonacci.csproj", "{99E4E3E1-F3BB-4547-B734-4172147D51AA}"
EndProject
Project("{FAE04EC0-301F-11D3-BF4B-00C04F79EFBC}") = "App.Problems.BinaryTreeIterator", "App.Problems.BinaryTreeIterator\App.Problems.BinaryTreeIterator.csproj", "{EBF8B214-F389-4797-914E-DFBF1E99B003}"
EndProject
Project("{FAE04EC0-301F-11D3-BF4B-00C04F79EFBC}") = "App.Problems.SpiralIntoMatrix", "App.Problems.SpiralIntoMatrix\App.Problems.SpiralIntoMatrix.csproj", "{38693BC4-9B35-48AF-B785-07792BCCDB2B}"
EndProject
Project("{FAE04EC0-301F-11D3-BF4B-00C04F79EFBC}") = "App.Algorithms.15.04.LCS", "App.Algorithms.15.04.LCS\App.Algorithms.15.04.LCS.csproj", "{55ED5D74-4C5F-4C5B-83A1-4BBCD0588731}"
EndProject
Project("{FAE04EC0-301F-11D3-BF4B-00C04F79EFBC}") = "App.Problems.Palindrome", "App.Problems.Palindrome\App.Problems.Palindrome.csproj", "{BA89AE5E-567E-47BD-A61E-0C67BC9BD1EF}"
EndProject
Project("{FAE04EC0-301F-11D3-BF4B-00C04F79EFBC}") = "App.Algorithms.15.01.RodCutting", "App.Algorithms.15.01.RodCutting\App.Algorithms.15.01.RodCutting.csproj", "{DC4CC736-BA84-4C3D-AAD6-189420D3E5E4}"
EndProject
Project("{FAE04EC0-301F-11D3-BF4B-00C04F79EFBC}") = "App.Problems.BlockSizes", "App.Problems.BlockSizes\App.Problems.BlockSizes.csproj", "{F63AD16C-F586-4EA6-BF6C-C6856B9D0C61}"
EndProject
Project("{FAE04EC0-301F-11D3-BF4B-00C04F79EFBC}") = "App.Problems.PyramidHeight", "App.Problems.PyramidHeight\App.Problems.PyramidHeight.csproj", "{5F76635A-A9F4-474F-AAB7-B992F4391338}"
EndProject
Project("{FAE04EC0-301F-11D3-BF4B-00C04F79EFBC}") = "App.Problems.DigitalTrees", "App.Problems.DigitalTrees\App.Problems.DigitalTrees.csproj", "{948164B7-4F99-4AAB-BCCE-11A4575CE3AE}"
EndProject
Project("{FAE04EC0-301F-11D3-BF4B-00C04F79EFBC}") = "App.Problems.BoggleWords", "App.Problems.BoggleWords\App.Problems.BoggleWords.csproj", "{CD373A4E-FD7F-4290-9F6B-F78791E30626}"
EndProject
Project("{FAE04EC0-301F-11D3-BF4B-00C04F79EFBC}") = "App.Problems.PriorityQueue", "App.Problems.PriorityQueue\App.Problems.PriorityQueue.csproj", "{37781CD6-8056-4262-BC70-C5F90E9DF420}"
EndProject
Project("{FAE04EC0-301F-11D3-BF4B-00C04F79EFBC}") = "App.Problems.TicTacToe", "App.Problems.TicTacToe\App.Problems.TicTacToe.csproj", "{21FC4B75-5D20-4BD2-A806-5B8970100BE6}"
EndProject
Project("{FAE04EC0-301F-11D3-BF4B-00C04F79EFBC}") = "App.Problems.ParseTimeFromString", "App.Problems.ParseTimeFromString\App.Problems.ParseTimeFromString.csproj", "{CB3561A5-FE75-4DF2-A3E4-738E5C182CA6}"
EndProject
Project("{FAE04EC0-301F-11D3-BF4B-00C04F79EFBC}") = "App.Problems.GraphRoadTrip", "App.Problems.GraphRoadTrip\App.Problems.GraphRoadTrip.csproj", "{1CB5F543-2C73-48BB-BD4A-C632F743E594}"
EndProject
Project("{FAE04EC0-301F-11D3-BF4B-00C04F79EFBC}") = "App.Problems.Enumerators", "App.Problems.Enumerators\App.Problems.Enumerators.csproj", "{6A313B1D-BC06-4DE1-B70C-8CAA2E3CA479}"
EndProject
Project("{2150E333-8FDC-42A3-9474-1A3956D46DE8}") = "Solution Items", "Solution Items", "{89C46CEB-649D-4C5C-A27B-A7237A632AE5}"
	ProjectSection(SolutionItems) = preProject
		README.md = README.md
	EndProjectSection
EndProject
Global
	GlobalSection(SolutionConfigurationPlatforms) = preSolution
		Debug|Any CPU = Debug|Any CPU
		Release|Any CPU = Release|Any CPU
	EndGlobalSection
	GlobalSection(ProjectConfigurationPlatforms) = postSolution
		{9FB8F23A-FDCB-45AC-8950-69CAA2F2BEA4}.Debug|Any CPU.ActiveCfg = Debug|Any CPU
		{9FB8F23A-FDCB-45AC-8950-69CAA2F2BEA4}.Debug|Any CPU.Build.0 = Debug|Any CPU
		{9FB8F23A-FDCB-45AC-8950-69CAA2F2BEA4}.Release|Any CPU.ActiveCfg = Release|Any CPU
		{9FB8F23A-FDCB-45AC-8950-69CAA2F2BEA4}.Release|Any CPU.Build.0 = Release|Any CPU
		{99E4E3E1-F3BB-4547-B734-4172147D51AA}.Debug|Any CPU.ActiveCfg = Debug|Any CPU
		{99E4E3E1-F3BB-4547-B734-4172147D51AA}.Debug|Any CPU.Build.0 = Debug|Any CPU
		{99E4E3E1-F3BB-4547-B734-4172147D51AA}.Release|Any CPU.ActiveCfg = Release|Any CPU
		{99E4E3E1-F3BB-4547-B734-4172147D51AA}.Release|Any CPU.Build.0 = Release|Any CPU
		{EBF8B214-F389-4797-914E-DFBF1E99B003}.Debug|Any CPU.ActiveCfg = Debug|Any CPU
		{EBF8B214-F389-4797-914E-DFBF1E99B003}.Debug|Any CPU.Build.0 = Debug|Any CPU
		{EBF8B214-F389-4797-914E-DFBF1E99B003}.Release|Any CPU.ActiveCfg = Release|Any CPU
		{EBF8B214-F389-4797-914E-DFBF1E99B003}.Release|Any CPU.Build.0 = Release|Any CPU
		{38693BC4-9B35-48AF-B785-07792BCCDB2B}.Debug|Any CPU.ActiveCfg = Debug|Any CPU
		{38693BC4-9B35-48AF-B785-07792BCCDB2B}.Debug|Any CPU.Build.0 = Debug|Any CPU
		{38693BC4-9B35-48AF-B785-07792BCCDB2B}.Release|Any CPU.ActiveCfg = Release|Any CPU
		{38693BC4-9B35-48AF-B785-07792BCCDB2B}.Release|Any CPU.Build.0 = Release|Any CPU
		{55ED5D74-4C5F-4C5B-83A1-4BBCD0588731}.Debug|Any CPU.ActiveCfg = Debug|Any CPU
		{55ED5D74-4C5F-4C5B-83A1-4BBCD0588731}.Debug|Any CPU.Build.0 = Debug|Any CPU
		{55ED5D74-4C5F-4C5B-83A1-4BBCD0588731}.Release|Any CPU.ActiveCfg = Release|Any CPU
		{55ED5D74-4C5F-4C5B-83A1-4BBCD0588731}.Release|Any CPU.Build.0 = Release|Any CPU
		{BA89AE5E-567E-47BD-A61E-0C67BC9BD1EF}.Debug|Any CPU.ActiveCfg = Debug|Any CPU
		{BA89AE5E-567E-47BD-A61E-0C67BC9BD1EF}.Debug|Any CPU.Build.0 = Debug|Any CPU
		{BA89AE5E-567E-47BD-A61E-0C67BC9BD1EF}.Release|Any CPU.ActiveCfg = Release|Any CPU
		{BA89AE5E-567E-47BD-A61E-0C67BC9BD1EF}.Release|Any CPU.Build.0 = Release|Any CPU
		{DC4CC736-BA84-4C3D-AAD6-189420D3E5E4}.Debug|Any CPU.ActiveCfg = Debug|Any CPU
		{DC4CC736-BA84-4C3D-AAD6-189420D3E5E4}.Debug|Any CPU.Build.0 = Debug|Any CPU
		{DC4CC736-BA84-4C3D-AAD6-189420D3E5E4}.Release|Any CPU.ActiveCfg = Release|Any CPU
		{DC4CC736-BA84-4C3D-AAD6-189420D3E5E4}.Release|Any CPU.Build.0 = Release|Any CPU
		{F63AD16C-F586-4EA6-BF6C-C6856B9D0C61}.Debug|Any CPU.ActiveCfg = Debug|Any CPU
		{F63AD16C-F586-4EA6-BF6C-C6856B9D0C61}.Debug|Any CPU.Build.0 = Debug|Any CPU
		{F63AD16C-F586-4EA6-BF6C-C6856B9D0C61}.Release|Any CPU.ActiveCfg = Release|Any CPU
		{F63AD16C-F586-4EA6-BF6C-C6856B9D0C61}.Release|Any CPU.Build.0 = Release|Any CPU
		{5F76635A-A9F4-474F-AAB7-B992F4391338}.Debug|Any CPU.ActiveCfg = Debug|Any CPU
		{5F76635A-A9F4-474F-AAB7-B992F4391338}.Debug|Any CPU.Build.0 = Debug|Any CPU
		{5F76635A-A9F4-474F-AAB7-B992F4391338}.Release|Any CPU.ActiveCfg = Release|Any CPU
		{5F76635A-A9F4-474F-AAB7-B992F4391338}.Release|Any CPU.Build.0 = Release|Any CPU
		{948164B7-4F99-4AAB-BCCE-11A4575CE3AE}.Debug|Any CPU.ActiveCfg = Debug|Any CPU
		{948164B7-4F99-4AAB-BCCE-11A4575CE3AE}.Debug|Any CPU.Build.0 = Debug|Any CPU
		{948164B7-4F99-4AAB-BCCE-11A4575CE3AE}.Release|Any CPU.ActiveCfg = Release|Any CPU
		{948164B7-4F99-4AAB-BCCE-11A4575CE3AE}.Release|Any CPU.Build.0 = Release|Any CPU
		{CD373A4E-FD7F-4290-9F6B-F78791E30626}.Debug|Any CPU.ActiveCfg = Debug|Any CPU
		{CD373A4E-FD7F-4290-9F6B-F78791E30626}.Debug|Any CPU.Build.0 = Debug|Any CPU
		{CD373A4E-FD7F-4290-9F6B-F78791E30626}.Release|Any CPU.ActiveCfg = Release|Any CPU
		{CD373A4E-FD7F-4290-9F6B-F78791E30626}.Release|Any CPU.Build.0 = Release|Any CPU
		{37781CD6-8056-4262-BC70-C5F90E9DF420}.Debug|Any CPU.ActiveCfg = Debug|Any CPU
		{37781CD6-8056-4262-BC70-C5F90E9DF420}.Debug|Any CPU.Build.0 = Debug|Any CPU
		{37781CD6-8056-4262-BC70-C5F90E9DF420}.Release|Any CPU.ActiveCfg = Release|Any CPU
		{37781CD6-8056-4262-BC70-C5F90E9DF420}.Release|Any CPU.Build.0 = Release|Any CPU
		{21FC4B75-5D20-4BD2-A806-5B8970100BE6}.Debug|Any CPU.ActiveCfg = Debug|Any CPU
		{21FC4B75-5D20-4BD2-A806-5B8970100BE6}.Debug|Any CPU.Build.0 = Debug|Any CPU
		{21FC4B75-5D20-4BD2-A806-5B8970100BE6}.Release|Any CPU.ActiveCfg = Release|Any CPU
		{21FC4B75-5D20-4BD2-A806-5B8970100BE6}.Release|Any CPU.Build.0 = Release|Any CPU
		{CB3561A5-FE75-4DF2-A3E4-738E5C182CA6}.Debug|Any CPU.ActiveCfg = Debug|Any CPU
		{CB3561A5-FE75-4DF2-A3E4-738E5C182CA6}.Debug|Any CPU.Build.0 = Debug|Any CPU
		{CB3561A5-FE75-4DF2-A3E4-738E5C182CA6}.Release|Any CPU.ActiveCfg = Release|Any CPU
		{CB3561A5-FE75-4DF2-A3E4-738E5C182CA6}.Release|Any CPU.Build.0 = Release|Any CPU
		{1CB5F543-2C73-48BB-BD4A-C632F743E594}.Debug|Any CPU.ActiveCfg = Debug|Any CPU
		{1CB5F543-2C73-48BB-BD4A-C632F743E594}.Debug|Any CPU.Build.0 = Debug|Any CPU
		{1CB5F543-2C73-48BB-BD4A-C632F743E594}.Release|Any CPU.ActiveCfg = Release|Any CPU
		{1CB5F543-2C73-48BB-BD4A-C632F743E594}.Release|Any CPU.Build.0 = Release|Any CPU
		{6A313B1D-BC06-4DE1-B70C-8CAA2E3CA479}.Debug|Any CPU.ActiveCfg = Debug|Any CPU
		{6A313B1D-BC06-4DE1-B70C-8CAA2E3CA479}.Debug|Any CPU.Build.0 = Debug|Any CPU
		{6A313B1D-BC06-4DE1-B70C-8CAA2E3CA479}.Release|Any CPU.ActiveCfg = Release|Any CPU
		{6A313B1D-BC06-4DE1-B70C-8CAA2E3CA479}.Release|Any CPU.Build.0 = Release|Any CPU
	EndGlobalSection
	GlobalSection(SolutionProperties) = preSolution
		HideSolutionNode = FALSE
	EndGlobalSection
	GlobalSection(ExtensibilityGlobals) = postSolution
		SolutionGuid = {18EA5955-524D-4937-9C48-68A656B974DC}
	EndGlobalSection
EndGlobal
